
Microsoft Visual Studio Solution File, Format Version 12.00
# Visual Studio Version 16
VisualStudioVersion = 16.0.30717.126
MinimumVisualStudioVersion = 10.0.40219.1
Project("{FAE04EC0-301F-11D3-BF4B-00C04F79EFBC}") = "giraffestaticclasses", "giraffestaticclasses\giraffestaticclasses.csproj", "{CDB5107E-2DCE-4AFE-A37B-18B07C221F73}"
EndProject
Global
	GlobalSection(SolutionConfigurationPlatforms) = preSolution
		Debug|Any CPU = Debug|Any CPU
		Release|Any CPU = Release|Any CPU
	EndGlobalSection
	GlobalSection(ProjectConfigurationPlatforms) = postSolution
		{CDB5107E-2DCE-4AFE-A37B-18B07C221F73}.Debug|Any CPU.ActiveCfg = Debug|Any CPU
		{CDB5107E-2DCE-4AFE-A37B-18B07C221F73}.Debug|Any CPU.Build.0 = Debug|Any CPU
		{CDB5107E-2DCE-4AFE-A37B-18B07C221F73}.Release|Any CPU.ActiveCfg = Release|Any CPU
		{CDB5107E-2DCE-4AFE-A37B-18B07C221F73}.Release|Any CPU.Build.0 = Release|Any CPU
	EndGlobalSection
	GlobalSection(SolutionProperties) = preSolution
		HideSolutionNode = FALSE
	EndGlobalSection
	GlobalSection(ExtensibilityGlobals) = postSolution
		SolutionGuid = {CB872711-FB4D-4138-BBE1-A248EC644E77}
	EndGlobalSection
EndGlobal
