
Microsoft Visual Studio Solution File, Format Version 12.00
# Visual Studio Version 16
VisualStudioVersion = 16.0.30717.126
MinimumVisualStudioVersion = 10.0.40219.1
Project("{FAE04EC0-301F-11D3-BF4B-00C04F79EFBC}") = "giraffestaticattributes", "giraffestaticattributes\giraffestaticattributes.csproj", "{420997E2-C06D-4F07-ADBE-F57F9F6D385D}"
EndProject
Global
	GlobalSection(SolutionConfigurationPlatforms) = preSolution
		Debug|Any CPU = Debug|Any CPU
		Release|Any CPU = Release|Any CPU
	EndGlobalSection
	GlobalSection(ProjectConfigurationPlatforms) = postSolution
		{420997E2-C06D-4F07-ADBE-F57F9F6D385D}.Debug|Any CPU.ActiveCfg = Debug|Any CPU
		{420997E2-C06D-4F07-ADBE-F57F9F6D385D}.Debug|Any CPU.Build.0 = Debug|Any CPU
		{420997E2-C06D-4F07-ADBE-F57F9F6D385D}.Release|Any CPU.ActiveCfg = Release|Any CPU
		{420997E2-C06D-4F07-ADBE-F57F9F6D385D}.Release|Any CPU.Build.0 = Release|Any CPU
	EndGlobalSection
	GlobalSection(SolutionProperties) = preSolution
		HideSolutionNode = FALSE
	EndGlobalSection
	GlobalSection(ExtensibilityGlobals) = postSolution
		SolutionGuid = {F6E9BCE8-E68A-4A4C-AE67-9FCAFC599086}
	EndGlobalSection
EndGlobal
