
Microsoft Visual Studio Solution File, Format Version 12.00
# Visual Studio Version 16
VisualStudioVersion = 16.0.30717.126
MinimumVisualStudioVersion = 10.0.40219.1
Project("{FAE04EC0-301F-11D3-BF4B-00C04F79EFBC}") = "Comparison2", "Comparison2\Comparison2.csproj", "{A34587E9-27E6-48F7-B71B-03ECC05DC818}"
EndProject
Global
	GlobalSection(SolutionConfigurationPlatforms) = preSolution
		Debug|Any CPU = Debug|Any CPU
		Release|Any CPU = Release|Any CPU
	EndGlobalSection
	GlobalSection(ProjectConfigurationPlatforms) = postSolution
		{A34587E9-27E6-48F7-B71B-03ECC05DC818}.Debug|Any CPU.ActiveCfg = Debug|Any CPU
		{A34587E9-27E6-48F7-B71B-03ECC05DC818}.Debug|Any CPU.Build.0 = Debug|Any CPU
		{A34587E9-27E6-48F7-B71B-03ECC05DC818}.Release|Any CPU.ActiveCfg = Release|Any CPU
		{A34587E9-27E6-48F7-B71B-03ECC05DC818}.Release|Any CPU.Build.0 = Release|Any CPU
	EndGlobalSection
	GlobalSection(SolutionProperties) = preSolution
		HideSolutionNode = FALSE
	EndGlobalSection
	GlobalSection(ExtensibilityGlobals) = postSolution
		SolutionGuid = {B34DAD60-366D-4303-A429-B5F328C162B6}
	EndGlobalSection
EndGlobal
